// !$*UTF8*$!
{
	archiveVersion = 1;
	classes = {
	};
	objectVersion = 50;
	objects = {

/* Begin PBXBuildFile section */
		A914941D22A6C2B8004EF1A2 /* libsubstitute.dylib in Frameworks */ = {isa = PBXBuildFile; fileRef = A914941B22A6C2B8004EF1A2 /* libsubstitute.dylib */; };
		A914941E22A6C2B8004EF1A2 /* substrate.h in Headers */ = {isa = PBXBuildFile; fileRef = A914941C22A6C2B8004EF1A2 /* substrate.h */; };
		A914942022A6C30B004EF1A2 /* HookTipDemo.m in Sources */ = {isa = PBXBuildFile; fileRef = A914941F22A6C30B004EF1A2 /* HookTipDemo.m */; };
		A98A8CCF22AAC3410061A2AB /* SwiftFoundation.swift in Sources */ = {isa = PBXBuildFile; fileRef = A98A8CCE22AAC3410061A2AB /* SwiftFoundation.swift */; };
/* End PBXBuildFile section */

/* Begin PBXFileReference section */
		A914940E22A6C292004EF1A2 /* libhookTip.dylib */ = {isa = PBXFileReference; explicitFileType = "compiled.mach-o.dylib"; includeInIndex = 0; path = libhookTip.dylib; sourceTree = BUILT_PRODUCTS_DIR; };
		A914941B22A6C2B8004EF1A2 /* libsubstitute.dylib */ = {isa = PBXFileReference; lastKnownFileType = "compiled.mach-o.dylib"; path = libsubstitute.dylib; sourceTree = "<group>"; };
		A914941C22A6C2B8004EF1A2 /* substrate.h */ = {isa = PBXFileReference; fileEncoding = 4; lastKnownFileType = sourcecode.c.h; path = substrate.h; sourceTree = "<group>"; };
		A914941F22A6C30B004EF1A2 /* HookTipDemo.m */ = {isa = PBXFileReference; lastKnownFileType = sourcecode.c.objc; path = HookTipDemo.m; sourceTree = "<group>"; };
		A914942322A6C763004EF1A2 /* libSystem.B.tbd */ = {isa = PBXFileReference; lastKnownFileType = "sourcecode.text-based-dylib-definition"; name = libSystem.B.tbd; path = usr/lib/libSystem.B.tbd; sourceTree = SDKROOT; };
		A914942522A6C84D004EF1A2 /* libSystem.B.dylib */ = {isa = PBXFileReference; lastKnownFileType = "compiled.mach-o.dylib"; name = libSystem.B.dylib; path = ../../../../../../usr/lib/libSystem.B.dylib; sourceTree = "<group>"; };
		A98A8CC922AABE9F0061A2AB /* HookTipDemo.h */ = {isa = PBXFileReference; lastKnownFileType = sourcecode.c.h; path = HookTipDemo.h; sourceTree = "<group>"; };
		A98A8CCE22AAC3410061A2AB /* SwiftFoundation.swift */ = {isa = PBXFileReference; lastKnownFileType = sourcecode.swift; path = SwiftFoundation.swift; sourceTree = "<group>"; };
		A98A8CD022AAC35A0061A2AB /* hookTip-Bridging-Header.h */ = {isa = PBXFileReference; lastKnownFileType = sourcecode.c.h; path = "hookTip-Bridging-Header.h"; sourceTree = "<group>"; };
/* End PBXFileReference section */

/* Begin PBXFrameworksBuildPhase section */
		A914940C22A6C292004EF1A2 /* Frameworks */ = {
			isa = PBXFrameworksBuildPhase;
			buildActionMask = 2147483647;
			files = (
				A914941D22A6C2B8004EF1A2 /* libsubstitute.dylib in Frameworks */,
			);
			runOnlyForDeploymentPostprocessing = 0;
		};
/* End PBXFrameworksBuildPhase section */

/* Begin PBXGroup section */
		A914940522A6C292004EF1A2 = {
			isa = PBXGroup;
			children = (
				A914941022A6C292004EF1A2 /* hookTip */,
				A914940F22A6C292004EF1A2 /* Products */,
				A914942222A6C763004EF1A2 /* Frameworks */,
			);
			sourceTree = "<group>";
		};
		A914940F22A6C292004EF1A2 /* Products */ = {
			isa = PBXGroup;
			children = (
				A914940E22A6C292004EF1A2 /* libhookTip.dylib */,
			);
			name = Products;
			sourceTree = "<group>";
		};
		A914941022A6C292004EF1A2 /* hookTip */ = {
			isa = PBXGroup;
			children = (
				A914941A22A6C2B8004EF1A2 /* substitute */,
				A914941F22A6C30B004EF1A2 /* HookTipDemo.m */,
				A98A8CC922AABE9F0061A2AB /* HookTipDemo.h */,
				A98A8CCE22AAC3410061A2AB /* SwiftFoundation.swift */,
				A98A8CD022AAC35A0061A2AB /* hookTip-Bridging-Header.h */,
			);
			path = hookTip;
			sourceTree = "<group>";
		};
		A914941A22A6C2B8004EF1A2 /* substitute */ = {
			isa = PBXGroup;
			children = (
				A914941B22A6C2B8004EF1A2 /* libsubstitute.dylib */,
				A914941C22A6C2B8004EF1A2 /* substrate.h */,
			);
			path = substitute;
			sourceTree = "<group>";
		};
		A914942222A6C763004EF1A2 /* Frameworks */ = {
			isa = PBXGroup;
			children = (
				A914942522A6C84D004EF1A2 /* libSystem.B.dylib */,
				A914942322A6C763004EF1A2 /* libSystem.B.tbd */,
			);
			name = Frameworks;
			sourceTree = "<group>";
		};
/* End PBXGroup section */

/* Begin PBXHeadersBuildPhase section */
		A914940A22A6C292004EF1A2 /* Headers */ = {
			isa = PBXHeadersBuildPhase;
			buildActionMask = 2147483647;
			files = (
				A914941E22A6C2B8004EF1A2 /* substrate.h in Headers */,
			);
			runOnlyForDeploymentPostprocessing = 0;
		};
/* End PBXHeadersBuildPhase section */

/* Begin PBXNativeTarget section */
		A914940D22A6C292004EF1A2 /* hookTip */ = {
			isa = PBXNativeTarget;
			buildConfigurationList = A914941722A6C292004EF1A2 /* Build configuration list for PBXNativeTarget "hookTip" */;
			buildPhases = (
				A914940A22A6C292004EF1A2 /* Headers */,
				A914940B22A6C292004EF1A2 /* Sources */,
				A914940C22A6C292004EF1A2 /* Frameworks */,
				A914942122A6C55F004EF1A2 /* ShellScript */,
			);
			buildRules = (
			);
			dependencies = (
			);
			name = hookTip;
			productName = hookTip;
			productReference = A914940E22A6C292004EF1A2 /* libhookTip.dylib */;
			productType = "com.apple.product-type.library.dynamic";
		};
/* End PBXNativeTarget section */

/* Begin PBXProject section */
		A914940622A6C292004EF1A2 /* Project object */ = {
			isa = PBXProject;
			attributes = {
				LastUpgradeCheck = 1010;
				ORGANIZATIONNAME = ch4r0n;
				TargetAttributes = {
					A914940D22A6C292004EF1A2 = {
						CreatedOnToolsVersion = 10.1;
						LastSwiftMigration = 1010;
					};
				};
			};
			buildConfigurationList = A914940922A6C292004EF1A2 /* Build configuration list for PBXProject "hookTip" */;
			compatibilityVersion = "Xcode 9.3";
			developmentRegion = en;
			hasScannedForEncodings = 0;
			knownRegions = (
				en,
			);
			mainGroup = A914940522A6C292004EF1A2;
			productRefGroup = A914940F22A6C292004EF1A2 /* Products */;
			projectDirPath = "";
			projectRoot = "";
			targets = (
				A914940D22A6C292004EF1A2 /* hookTip */,
			);
		};
/* End PBXProject section */

/* Begin PBXShellScriptBuildPhase section */
		A914942122A6C55F004EF1A2 /* ShellScript */ = {
			isa = PBXShellScriptBuildPhase;
			buildActionMask = 12;
			files = (
			);
			inputFileListPaths = (
			);
			inputPaths = (
			);
			outputFileListPaths = (
			);
			outputPaths = (
			);
			runOnlyForDeploymentPostprocessing = 0;
			shellPath = /bin/sh;
			shellScript = "cd ${TARGET_BUILD_DIR}\nexport DYLD_INSERT_LIBRARIES=./libhookTip.dylib && /Users/ch4r0n/Library/Developer/Xcode/DerivedData/SwiftTipWindows-ffxyiitmmyswvnchnphkkjlozssl/Build/Products/Debug/SwiftTipWindows.app/Contents/MacOS/SwiftTipWindows\n";
		};
/* End PBXShellScriptBuildPhase section */

/* Begin PBXSourcesBuildPhase section */
		A914940B22A6C292004EF1A2 /* Sources */ = {
			isa = PBXSourcesBuildPhase;
			buildActionMask = 2147483647;
			files = (
				A98A8CCF22AAC3410061A2AB /* SwiftFoundation.swift in Sources */,
				A914942022A6C30B004EF1A2 /* HookTipDemo.m in Sources */,
			);
			runOnlyForDeploymentPostprocessing = 0;
		};
/* End PBXSourcesBuildPhase section */

/* Begin XCBuildConfiguration section */
		A914941522A6C292004EF1A2 /* Debug */ = {
			isa = XCBuildConfiguration;
			buildSettings = {
				ALWAYS_SEARCH_USER_PATHS = NO;
				CLANG_ANALYZER_NONNULL = YES;
				CLANG_ANALYZER_NUMBER_OBJECT_CONVERSION = YES_AGGRESSIVE;
				CLANG_CXX_LANGUAGE_STANDARD = "gnu++14";
				CLANG_CXX_LIBRARY = "libc++";
				CLANG_ENABLE_MODULES = YES;
				CLANG_ENABLE_OBJC_ARC = YES;
				CLANG_ENABLE_OBJC_WEAK = YES;
				CLANG_WARN_BLOCK_CAPTURE_AUTORELEASING = YES;
				CLANG_WARN_BOOL_CONVERSION = YES;
				CLANG_WARN_COMMA = YES;
				CLANG_WARN_CONSTANT_CONVERSION = YES;
				CLANG_WARN_DEPRECATED_OBJC_IMPLEMENTATIONS = YES;
				CLANG_WARN_DIRECT_OBJC_ISA_USAGE = YES_ERROR;
				CLANG_WARN_DOCUMENTATION_COMMENTS = YES;
				CLANG_WARN_EMPTY_BODY = YES;
				CLANG_WARN_ENUM_CONVERSION = YES;
				CLANG_WARN_INFINITE_RECURSION = YES;
				CLANG_WARN_INT_CONVERSION = YES;
				CLANG_WARN_NON_LITERAL_NULL_CONVERSION = YES;
				CLANG_WARN_OBJC_IMPLICIT_RETAIN_SELF = YES;
				CLANG_WARN_OBJC_LITERAL_CONVERSION = YES;
				CLANG_WARN_OBJC_ROOT_CLASS = YES_ERROR;
				CLANG_WARN_RANGE_LOOP_ANALYSIS = YES;
				CLANG_WARN_STRICT_PROTOTYPES = YES;
				CLANG_WARN_SUSPICIOUS_MOVE = YES;
				CLANG_WARN_UNGUARDED_AVAILABILITY = YES_AGGRESSIVE;
				CLANG_WARN_UNREACHABLE_CODE = YES;
				CLANG_WARN__DUPLICATE_METHOD_MATCH = YES;
				CODE_SIGN_IDENTITY = "Mac Developer";
				COPY_PHASE_STRIP = NO;
				DEBUG_INFORMATION_FORMAT = dwarf;
				ENABLE_STRICT_OBJC_MSGSEND = YES;
				ENABLE_TESTABILITY = YES;
				GCC_C_LANGUAGE_STANDARD = gnu11;
				GCC_DYNAMIC_NO_PIC = NO;
				GCC_NO_COMMON_BLOCKS = YES;
				GCC_OPTIMIZATION_LEVEL = 0;
				GCC_PREPROCESSOR_DEFINITIONS = (
					"DEBUG=1",
					"$(inherited)",
				);
				GCC_WARN_64_TO_32_BIT_CONVERSION = YES;
				GCC_WARN_ABOUT_RETURN_TYPE = YES_ERROR;
				GCC_WARN_UNDECLARED_SELECTOR = YES;
				GCC_WARN_UNINITIALIZED_AUTOS = YES_AGGRESSIVE;
				GCC_WARN_UNUSED_FUNCTION = YES;
				GCC_WARN_UNUSED_VARIABLE = YES;
				MACOSX_DEPLOYMENT_TARGET = 10.14;
				MTL_ENABLE_DEBUG_INFO = INCLUDE_SOURCE;
				MTL_FAST_MATH = YES;
				ONLY_ACTIVE_ARCH = YES;
				SDKROOT = macosx;
			};
			name = Debug;
		};
		A914941622A6C292004EF1A2 /* Release */ = {
			isa = XCBuildConfiguration;
			buildSettings = {
				ALWAYS_SEARCH_USER_PATHS = NO;
				CLANG_ANALYZER_NONNULL = YES;
				CLANG_ANALYZER_NUMBER_OBJECT_CONVERSION = YES_AGGRESSIVE;
				CLANG_CXX_LANGUAGE_STANDARD = "gnu++14";
				CLANG_CXX_LIBRARY = "libc++";
				CLANG_ENABLE_MODULES = YES;
				CLANG_ENABLE_OBJC_ARC = YES;
				CLANG_ENABLE_OBJC_WEAK = YES;
				CLANG_WARN_BLOCK_CAPTURE_AUTORELEASING = YES;
				CLANG_WARN_BOOL_CONVERSION = YES;
				CLANG_WARN_COMMA = YES;
				CLANG_WARN_CONSTANT_CONVERSION = YES;
				CLANG_WARN_DEPRECATED_OBJC_IMPLEMENTATIONS = YES;
				CLANG_WARN_DIRECT_OBJC_ISA_USAGE = YES_ERROR;
				CLANG_WARN_DOCUMENTATION_COMMENTS = YES;
				CLANG_WARN_EMPTY_BODY = YES;
				CLANG_WARN_ENUM_CONVERSION = YES;
				CLANG_WARN_INFINITE_RECURSION = YES;
				CLANG_WARN_INT_CONVERSION = YES;
				CLANG_WARN_NON_LITERAL_NULL_CONVERSION = YES;
				CLANG_WARN_OBJC_IMPLICIT_RETAIN_SELF = YES;
				CLANG_WARN_OBJC_LITERAL_CONVERSION = YES;
				CLANG_WARN_OBJC_ROOT_CLASS = YES_ERROR;
				CLANG_WARN_RANGE_LOOP_ANALYSIS = YES;
				CLANG_WARN_STRICT_PROTOTYPES = YES;
				CLANG_WARN_SUSPICIOUS_MOVE = YES;
				CLANG_WARN_UNGUARDED_AVAILABILITY = YES_AGGRESSIVE;
				CLANG_WARN_UNREACHABLE_CODE = YES;
				CLANG_WARN__DUPLICATE_METHOD_MATCH = YES;
				CODE_SIGN_IDENTITY = "Mac Developer";
				COPY_PHASE_STRIP = NO;
				DEBUG_INFORMATION_FORMAT = "dwarf-with-dsym";
				ENABLE_NS_ASSERTIONS = NO;
				ENABLE_STRICT_OBJC_MSGSEND = YES;
				GCC_C_LANGUAGE_STANDARD = gnu11;
				GCC_NO_COMMON_BLOCKS = YES;
				GCC_WARN_64_TO_32_BIT_CONVERSION = YES;
				GCC_WARN_ABOUT_RETURN_TYPE = YES_ERROR;
				GCC_WARN_UNDECLARED_SELECTOR = YES;
				GCC_WARN_UNINITIALIZED_AUTOS = YES_AGGRESSIVE;
				GCC_WARN_UNUSED_FUNCTION = YES;
				GCC_WARN_UNUSED_VARIABLE = YES;
				MACOSX_DEPLOYMENT_TARGET = 10.14;
				MTL_ENABLE_DEBUG_INFO = NO;
				MTL_FAST_MATH = YES;
				SDKROOT = macosx;
			};
			name = Release;
		};
		A914941822A6C292004EF1A2 /* Debug */ = {
			isa = XCBuildConfiguration;
			buildSettings = {
				CLANG_ENABLE_MODULES = YES;
				CODE_SIGN_IDENTITY = "Mac Developer";
				CODE_SIGN_STYLE = Automatic;
				DEVELOPMENT_TEAM = "";
				DYLIB_COMPATIBILITY_VERSION = 1;
				DYLIB_CURRENT_VERSION = 1;
				ENABLE_TESTABILITY = YES;
				EXECUTABLE_PREFIX = lib;
				LD_RUNPATH_SEARCH_PATHS = (
					"$(inherited)",
					"@executable_path/../Frameworks",
					"@loader_path/../Frameworks",
				);
				LIBRARY_SEARCH_PATHS = (
					"$(inherited)",
					"$(PROJECT_DIR)/hookTip/substitute",
				);
				MACOSX_DEPLOYMENT_TARGET = 10.14;
				PRODUCT_NAME = "$(TARGET_NAME)";
				PROVISIONING_PROFILE_SPECIFIER = "";
				SKIP_INSTALL = YES;
				SWIFT_OBJC_BRIDGING_HEADER = "hookTip/hookTip-Bridging-Header.h";
				SWIFT_OPTIMIZATION_LEVEL = "-Onone";
				SWIFT_VERSION = 4.2;
			};
			name = Debug;
		};
		A914941922A6C292004EF1A2 /* Release */ = {
			isa = XCBuildConfiguration;
			buildSettings = {
				CLANG_ENABLE_MODULES = YES;
				CODE_SIGN_IDENTITY = "Mac Developer";
				CODE_SIGN_STYLE = Automatic;
				DEVELOPMENT_TEAM = "";
				DYLIB_COMPATIBILITY_VERSION = 1;
				DYLIB_CURRENT_VERSION = 1;
				ENABLE_TESTABILITY = YES;
				EXECUTABLE_PREFIX = lib;
				LD_RUNPATH_SEARCH_PATHS = (
					"$(inherited)",
					"@executable_path/../Frameworks",
					"@loader_path/../Frameworks",
				);
				LIBRARY_SEARCH_PATHS = (
					"$(inherited)",
					"$(PROJECT_DIR)/hookTip/substitute",
				);
				MACOSX_DEPLOYMENT_TARGET = 10.14;
				PRODUCT_NAME = "$(TARGET_NAME)";
				PROVISIONING_PROFILE_SPECIFIER = "";
				SKIP_INSTALL = YES;
				SWIFT_OBJC_BRIDGING_HEADER = "hookTip/hookTip-Bridging-Header.h";
				SWIFT_VERSION = 4.2;
			};
			name = Release;
		};
/* End XCBuildConfiguration section */

/* Begin XCConfigurationList section */
		A914940922A6C292004EF1A2 /* Build configuration list for PBXProject "hookTip" */ = {
			isa = XCConfigurationList;
			buildConfigurations = (
				A914941522A6C292004EF1A2 /* Debug */,
				A914941622A6C292004EF1A2 /* Release */,
			);
			defaultConfigurationIsVisible = 0;
			defaultConfigurationName = Release;
		};
		A914941722A6C292004EF1A2 /* Build configuration list for PBXNativeTarget "hookTip" */ = {
			isa = XCConfigurationList;
			buildConfigurations = (
				A914941822A6C292004EF1A2 /* Debug */,
				A914941922A6C292004EF1A2 /* Release */,
			);
			defaultConfigurationIsVisible = 0;
			defaultConfigurationName = Release;
		};
/* End XCConfigurationList section */
	};
	rootObject = A914940622A6C292004EF1A2 /* Project object */;
}
